
Microsoft Visual Studio Solution File, Format Version 12.00
# Visual Studio Version 16
VisualStudioVersion = 16.0.31205.134
MinimumVisualStudioVersion = 10.0.40219.1
Project("{9A19103F-16F7-4668-BE54-9A1E7A4F7556}") = "Xchain.net.Test", "Xchain.net.Test\Xchain.net.Test.csproj", "{E65F175B-3342-4ED6-B144-E897F027C005}"
EndProject
Project("{2150E333-8FDC-42A3-9474-1A3956D46DE8}") = "XchainDotnet.Thorchain", "XchainDotnet.Thorchain", "{DF91C250-95B0-4DFE-858E-16D0E8B852F8}"
EndProject
Project("{9A19103F-16F7-4668-BE54-9A1E7A4F7556}") = "XchainDotnet.Thorchain", "XchainDotnet.Thorchain\XchainDotnet.Thorchain.csproj", "{CE954AA5-B1DD-432D-809E-5A33F539746A}"
EndProject
Project("{9A19103F-16F7-4668-BE54-9A1E7A4F7556}") = "XchainDotnet.Thorchain.Test", "XchainDotnet.Thorchain.Tests\XchainDotnet.Thorchain.Test.csproj", "{A74C72F3-BAB4-4EF5-A697-AD61502C8C99}"
EndProject
Project("{2150E333-8FDC-42A3-9474-1A3956D46DE8}") = "XchainDotnet.Client", "XchainDotnet.Client", "{EDA94309-7D11-4A0B-9BA7-F873CB4A11CF}"
EndProject
Project("{9A19103F-16F7-4668-BE54-9A1E7A4F7556}") = "XchainDotnet.Client", "XchainDotnet.Client\XchainDotnet.Client.csproj", "{38FE3CAE-53DF-4AB5-9093-10884480A20D}"
EndProject
Project("{9A19103F-16F7-4668-BE54-9A1E7A4F7556}") = "XchainDotnet.Client.Test", "XchainDotnet.Client.Test\XchainDotnet.Client.Test.csproj", "{56355205-4BAE-4DA2-B82C-B611F6EC4BC4}"
EndProject
Project("{2150E333-8FDC-42A3-9474-1A3956D46DE8}") = "XchainDotnet.Cosmos", "XchainDotnet.Cosmos", "{D12D7BD2-E481-4010-AF12-1855A17A85CC}"
EndProject
Project("{9A19103F-16F7-4668-BE54-9A1E7A4F7556}") = "XchainDotnet.Cosmos", "XchainDotnet.Cosmos\XchainDotnet.Cosmos.csproj", "{9043688A-054A-4228-BF7C-2BB968FA3512}"
EndProject
Project("{9A19103F-16F7-4668-BE54-9A1E7A4F7556}") = "XchainDotnet.Cosmos.Test", "XchainDotnet.Cosmos.Test\XchainDotnet.Cosmos.Test.csproj", "{7FD699E6-2C23-4CA2-8495-9583B7CE991C}"
EndProject
Project("{2150E333-8FDC-42A3-9474-1A3956D46DE8}") = "XchainDotnet.Crypto", "XchainDotnet.Crypto", "{96E5AE6E-BA14-4338-9F43-F61C752B6030}"
EndProject
Project("{9A19103F-16F7-4668-BE54-9A1E7A4F7556}") = "XchainDotnet.Crypto", "XchainDotnet.Crypto\XchainDotnet.Crypto.csproj", "{391390D9-026E-4ECC-8B65-294A132ACE2E}"
EndProject
Project("{9A19103F-16F7-4668-BE54-9A1E7A4F7556}") = "XchainDotnet.Crypto.Test", "XchainDotnet.Crypto.Test\XchainDotnet.Crypto.Test.csproj", "{49FA9891-2507-4A51-AF68-95B24E437CE6}"
EndProject
Project("{2150E333-8FDC-42A3-9474-1A3956D46DE8}") = "XchainDotnet.Binance", "XchainDotnet.Binance", "{62704A22-2C3A-4B61-807C-51CB0FE745F3}"
EndProject
Project("{FAE04EC0-301F-11D3-BF4B-00C04F79EFBC}") = "XchainDotnet.Binance", "XchainDotnet.Binance\XchainDotnet.Binance.csproj", "{AE61BEA2-885F-4F28-807C-3A9C312ED3B9}"
EndProject
Project("{FAE04EC0-301F-11D3-BF4B-00C04F79EFBC}") = "XchainDotnet.Binance.Test", "XchainDotnet.Binance.Test\XchainDotnet.Binance.Test.csproj", "{4B80EFF2-9534-4718-8809-35C27B51E1BF}"
EndProject
Global
	GlobalSection(SolutionConfigurationPlatforms) = preSolution
		Debug|Any CPU = Debug|Any CPU
		Release|Any CPU = Release|Any CPU
	EndGlobalSection
	GlobalSection(ProjectConfigurationPlatforms) = postSolution
		{E65F175B-3342-4ED6-B144-E897F027C005}.Debug|Any CPU.ActiveCfg = Debug|Any CPU
		{E65F175B-3342-4ED6-B144-E897F027C005}.Debug|Any CPU.Build.0 = Debug|Any CPU
		{E65F175B-3342-4ED6-B144-E897F027C005}.Release|Any CPU.ActiveCfg = Release|Any CPU
		{E65F175B-3342-4ED6-B144-E897F027C005}.Release|Any CPU.Build.0 = Release|Any CPU
		{CE954AA5-B1DD-432D-809E-5A33F539746A}.Debug|Any CPU.ActiveCfg = Debug|Any CPU
		{CE954AA5-B1DD-432D-809E-5A33F539746A}.Debug|Any CPU.Build.0 = Debug|Any CPU
		{CE954AA5-B1DD-432D-809E-5A33F539746A}.Release|Any CPU.ActiveCfg = Release|Any CPU
		{CE954AA5-B1DD-432D-809E-5A33F539746A}.Release|Any CPU.Build.0 = Release|Any CPU
		{A74C72F3-BAB4-4EF5-A697-AD61502C8C99}.Debug|Any CPU.ActiveCfg = Debug|Any CPU
		{A74C72F3-BAB4-4EF5-A697-AD61502C8C99}.Debug|Any CPU.Build.0 = Debug|Any CPU
		{A74C72F3-BAB4-4EF5-A697-AD61502C8C99}.Release|Any CPU.ActiveCfg = Release|Any CPU
		{A74C72F3-BAB4-4EF5-A697-AD61502C8C99}.Release|Any CPU.Build.0 = Release|Any CPU
		{38FE3CAE-53DF-4AB5-9093-10884480A20D}.Debug|Any CPU.ActiveCfg = Debug|Any CPU
		{38FE3CAE-53DF-4AB5-9093-10884480A20D}.Debug|Any CPU.Build.0 = Debug|Any CPU
		{38FE3CAE-53DF-4AB5-9093-10884480A20D}.Release|Any CPU.ActiveCfg = Release|Any CPU
		{38FE3CAE-53DF-4AB5-9093-10884480A20D}.Release|Any CPU.Build.0 = Release|Any CPU
		{56355205-4BAE-4DA2-B82C-B611F6EC4BC4}.Debug|Any CPU.ActiveCfg = Debug|Any CPU
		{56355205-4BAE-4DA2-B82C-B611F6EC4BC4}.Debug|Any CPU.Build.0 = Debug|Any CPU
		{56355205-4BAE-4DA2-B82C-B611F6EC4BC4}.Release|Any CPU.ActiveCfg = Release|Any CPU
		{56355205-4BAE-4DA2-B82C-B611F6EC4BC4}.Release|Any CPU.Build.0 = Release|Any CPU
		{9043688A-054A-4228-BF7C-2BB968FA3512}.Debug|Any CPU.ActiveCfg = Debug|Any CPU
		{9043688A-054A-4228-BF7C-2BB968FA3512}.Debug|Any CPU.Build.0 = Debug|Any CPU
		{9043688A-054A-4228-BF7C-2BB968FA3512}.Release|Any CPU.ActiveCfg = Release|Any CPU
		{9043688A-054A-4228-BF7C-2BB968FA3512}.Release|Any CPU.Build.0 = Release|Any CPU
		{7FD699E6-2C23-4CA2-8495-9583B7CE991C}.Debug|Any CPU.ActiveCfg = Debug|Any CPU
		{7FD699E6-2C23-4CA2-8495-9583B7CE991C}.Debug|Any CPU.Build.0 = Debug|Any CPU
		{7FD699E6-2C23-4CA2-8495-9583B7CE991C}.Release|Any CPU.ActiveCfg = Release|Any CPU
		{7FD699E6-2C23-4CA2-8495-9583B7CE991C}.Release|Any CPU.Build.0 = Release|Any CPU
		{391390D9-026E-4ECC-8B65-294A132ACE2E}.Debug|Any CPU.ActiveCfg = Debug|Any CPU
		{391390D9-026E-4ECC-8B65-294A132ACE2E}.Debug|Any CPU.Build.0 = Debug|Any CPU
		{391390D9-026E-4ECC-8B65-294A132ACE2E}.Release|Any CPU.ActiveCfg = Release|Any CPU
		{391390D9-026E-4ECC-8B65-294A132ACE2E}.Release|Any CPU.Build.0 = Release|Any CPU
		{49FA9891-2507-4A51-AF68-95B24E437CE6}.Debug|Any CPU.ActiveCfg = Debug|Any CPU
		{49FA9891-2507-4A51-AF68-95B24E437CE6}.Debug|Any CPU.Build.0 = Debug|Any CPU
		{49FA9891-2507-4A51-AF68-95B24E437CE6}.Release|Any CPU.ActiveCfg = Release|Any CPU
		{49FA9891-2507-4A51-AF68-95B24E437CE6}.Release|Any CPU.Build.0 = Release|Any CPU
		{AE61BEA2-885F-4F28-807C-3A9C312ED3B9}.Debug|Any CPU.ActiveCfg = Debug|Any CPU
		{AE61BEA2-885F-4F28-807C-3A9C312ED3B9}.Debug|Any CPU.Build.0 = Debug|Any CPU
		{AE61BEA2-885F-4F28-807C-3A9C312ED3B9}.Release|Any CPU.ActiveCfg = Release|Any CPU
		{AE61BEA2-885F-4F28-807C-3A9C312ED3B9}.Release|Any CPU.Build.0 = Release|Any CPU
		{4B80EFF2-9534-4718-8809-35C27B51E1BF}.Debug|Any CPU.ActiveCfg = Debug|Any CPU
		{4B80EFF2-9534-4718-8809-35C27B51E1BF}.Debug|Any CPU.Build.0 = Debug|Any CPU
		{4B80EFF2-9534-4718-8809-35C27B51E1BF}.Release|Any CPU.ActiveCfg = Release|Any CPU
		{4B80EFF2-9534-4718-8809-35C27B51E1BF}.Release|Any CPU.Build.0 = Release|Any CPU
	EndGlobalSection
	GlobalSection(SolutionProperties) = preSolution
		HideSolutionNode = FALSE
	EndGlobalSection
	GlobalSection(NestedProjects) = preSolution
		{CE954AA5-B1DD-432D-809E-5A33F539746A} = {DF91C250-95B0-4DFE-858E-16D0E8B852F8}
		{A74C72F3-BAB4-4EF5-A697-AD61502C8C99} = {DF91C250-95B0-4DFE-858E-16D0E8B852F8}
		{38FE3CAE-53DF-4AB5-9093-10884480A20D} = {EDA94309-7D11-4A0B-9BA7-F873CB4A11CF}
		{56355205-4BAE-4DA2-B82C-B611F6EC4BC4} = {EDA94309-7D11-4A0B-9BA7-F873CB4A11CF}
		{9043688A-054A-4228-BF7C-2BB968FA3512} = {D12D7BD2-E481-4010-AF12-1855A17A85CC}
		{7FD699E6-2C23-4CA2-8495-9583B7CE991C} = {D12D7BD2-E481-4010-AF12-1855A17A85CC}
		{391390D9-026E-4ECC-8B65-294A132ACE2E} = {96E5AE6E-BA14-4338-9F43-F61C752B6030}
		{49FA9891-2507-4A51-AF68-95B24E437CE6} = {96E5AE6E-BA14-4338-9F43-F61C752B6030}
		{AE61BEA2-885F-4F28-807C-3A9C312ED3B9} = {62704A22-2C3A-4B61-807C-51CB0FE745F3}
		{4B80EFF2-9534-4718-8809-35C27B51E1BF} = {62704A22-2C3A-4B61-807C-51CB0FE745F3}
	EndGlobalSection
	GlobalSection(ExtensibilityGlobals) = postSolution
		SolutionGuid = {991A2472-8AE9-406F-8DAD-3DBFCC97D5FB}
	EndGlobalSection
EndGlobal
